// !$*UTF8*$!
{
	archiveVersion = 1;
	classes = {
	};
	objectVersion = 46;
	objects = {

/* Begin PBXBuildFile section */
		C189D9861743F5D900EA6AF3 /* libopencv_calib3d.2.2.0.dylib in Frameworks */ = {isa = PBXBuildFile; fileRef = C189D9621743F5D900EA6AF3 /* libopencv_calib3d.2.2.0.dylib */; };
		C189D9871743F5D900EA6AF3 /* libopencv_calib3d.2.2.dylib in Frameworks */ = {isa = PBXBuildFile; fileRef = C189D9631743F5D900EA6AF3 /* libopencv_calib3d.2.2.dylib */; };
		C189D9881743F5D900EA6AF3 /* libopencv_calib3d.dylib in Frameworks */ = {isa = PBXBuildFile; fileRef = C189D9641743F5D900EA6AF3 /* libopencv_calib3d.dylib */; };
		C189D9891743F5D900EA6AF3 /* libopencv_contrib.2.2.0.dylib in Frameworks */ = {isa = PBXBuildFile; fileRef = C189D9651743F5D900EA6AF3 /* libopencv_contrib.2.2.0.dylib */; };
		C189D98A1743F5D900EA6AF3 /* libopencv_contrib.2.2.dylib in Frameworks */ = {isa = PBXBuildFile; fileRef = C189D9661743F5D900EA6AF3 /* libopencv_contrib.2.2.dylib */; };
		C189D98B1743F5D900EA6AF3 /* libopencv_contrib.dylib in Frameworks */ = {isa = PBXBuildFile; fileRef = C189D9671743F5D900EA6AF3 /* libopencv_contrib.dylib */; };
		C189D98C1743F5D900EA6AF3 /* libopencv_core.2.2.0.dylib in Frameworks */ = {isa = PBXBuildFile; fileRef = C189D9681743F5D900EA6AF3 /* libopencv_core.2.2.0.dylib */; };
		C189D98D1743F5D900EA6AF3 /* libopencv_core.2.2.dylib in Frameworks */ = {isa = PBXBuildFile; fileRef = C189D9691743F5D900EA6AF3 /* libopencv_core.2.2.dylib */; };
		C189D98E1743F5D900EA6AF3 /* libopencv_core.dylib in Frameworks */ = {isa = PBXBuildFile; fileRef = C189D96A1743F5D900EA6AF3 /* libopencv_core.dylib */; };
		C189D98F1743F5D900EA6AF3 /* libopencv_features2d.2.2.0.dylib in Frameworks */ = {isa = PBXBuildFile; fileRef = C189D96B1743F5D900EA6AF3 /* libopencv_features2d.2.2.0.dylib */; };
		C189D9901743F5D900EA6AF3 /* libopencv_features2d.2.2.dylib in Frameworks */ = {isa = PBXBuildFile; fileRef = C189D96C1743F5D900EA6AF3 /* libopencv_features2d.2.2.dylib */; };
		C189D9911743F5D900EA6AF3 /* libopencv_features2d.dylib in Frameworks */ = {isa = PBXBuildFile; fileRef = C189D96D1743F5D900EA6AF3 /* libopencv_features2d.dylib */; };
		C189D9921743F5D900EA6AF3 /* libopencv_flann.2.2.0.dylib in Frameworks */ = {isa = PBXBuildFile; fileRef = C189D96E1743F5D900EA6AF3 /* libopencv_flann.2.2.0.dylib */; };
		C189D9931743F5D900EA6AF3 /* libopencv_flann.2.2.dylib in Frameworks */ = {isa = PBXBuildFile; fileRef = C189D96F1743F5D900EA6AF3 /* libopencv_flann.2.2.dylib */; };
		C189D9941743F5D900EA6AF3 /* libopencv_flann.dylib in Frameworks */ = {isa = PBXBuildFile; fileRef = C189D9701743F5D900EA6AF3 /* libopencv_flann.dylib */; };
		C189D9951743F5D900EA6AF3 /* libopencv_gpu.2.2.0.dylib in Frameworks */ = {isa = PBXBuildFile; fileRef = C189D9711743F5D900EA6AF3 /* libopencv_gpu.2.2.0.dylib */; };
		C189D9961743F5D900EA6AF3 /* libopencv_gpu.2.2.dylib in Frameworks */ = {isa = PBXBuildFile; fileRef = C189D9721743F5D900EA6AF3 /* libopencv_gpu.2.2.dylib */; };
		C189D9971743F5D900EA6AF3 /* libopencv_gpu.dylib in Frameworks */ = {isa = PBXBuildFile; fileRef = C189D9731743F5D900EA6AF3 /* libopencv_gpu.dylib */; };
		C189D9981743F5D900EA6AF3 /* libopencv_highgui.2.2.0.dylib in Frameworks */ = {isa = PBXBuildFile; fileRef = C189D9741743F5D900EA6AF3 /* libopencv_highgui.2.2.0.dylib */; };
		C189D9991743F5D900EA6AF3 /* libopencv_highgui.2.2.dylib in Frameworks */ = {isa = PBXBuildFile; fileRef = C189D9751743F5D900EA6AF3 /* libopencv_highgui.2.2.dylib */; };
		C189D99A1743F5D900EA6AF3 /* libopencv_highgui.dylib in Frameworks */ = {isa = PBXBuildFile; fileRef = C189D9761743F5D900EA6AF3 /* libopencv_highgui.dylib */; };
		C189D99B1743F5D900EA6AF3 /* libopencv_imgproc.2.2.0.dylib in Frameworks */ = {isa = PBXBuildFile; fileRef = C189D9771743F5D900EA6AF3 /* libopencv_imgproc.2.2.0.dylib */; };
		C189D99C1743F5D900EA6AF3 /* libopencv_imgproc.2.2.dylib in Frameworks */ = {isa = PBXBuildFile; fileRef = C189D9781743F5D900EA6AF3 /* libopencv_imgproc.2.2.dylib */; };
		C189D99D1743F5D900EA6AF3 /* libopencv_imgproc.dylib in Frameworks */ = {isa = PBXBuildFile; fileRef = C189D9791743F5D900EA6AF3 /* libopencv_imgproc.dylib */; };
		C189D99E1743F5D900EA6AF3 /* libopencv_legacy.2.2.0.dylib in Frameworks */ = {isa = PBXBuildFile; fileRef = C189D97A1743F5D900EA6AF3 /* libopencv_legacy.2.2.0.dylib */; };
		C189D99F1743F5D900EA6AF3 /* libopencv_legacy.2.2.dylib in Frameworks */ = {isa = PBXBuildFile; fileRef = C189D97B1743F5D900EA6AF3 /* libopencv_legacy.2.2.dylib */; };
		C189D9A01743F5D900EA6AF3 /* libopencv_legacy.dylib in Frameworks */ = {isa = PBXBuildFile; fileRef = C189D97C1743F5D900EA6AF3 /* libopencv_legacy.dylib */; };
		C189D9A11743F5D900EA6AF3 /* libopencv_ml.2.2.0.dylib in Frameworks */ = {isa = PBXBuildFile; fileRef = C189D97D1743F5D900EA6AF3 /* libopencv_ml.2.2.0.dylib */; };
		C189D9A21743F5D900EA6AF3 /* libopencv_ml.2.2.dylib in Frameworks */ = {isa = PBXBuildFile; fileRef = C189D97E1743F5D900EA6AF3 /* libopencv_ml.2.2.dylib */; };
		C189D9A31743F5D900EA6AF3 /* libopencv_ml.dylib in Frameworks */ = {isa = PBXBuildFile; fileRef = C189D97F1743F5D900EA6AF3 /* libopencv_ml.dylib */; };
		C189D9A41743F5D900EA6AF3 /* libopencv_objdetect.2.2.0.dylib in Frameworks */ = {isa = PBXBuildFile; fileRef = C189D9801743F5D900EA6AF3 /* libopencv_objdetect.2.2.0.dylib */; };
		C189D9A51743F5D900EA6AF3 /* libopencv_objdetect.2.2.dylib in Frameworks */ = {isa = PBXBuildFile; fileRef = C189D9811743F5D900EA6AF3 /* libopencv_objdetect.2.2.dylib */; };
		C189D9A61743F5D900EA6AF3 /* libopencv_objdetect.dylib in Frameworks */ = {isa = PBXBuildFile; fileRef = C189D9821743F5D900EA6AF3 /* libopencv_objdetect.dylib */; };
		C189D9A71743F5D900EA6AF3 /* libopencv_video.2.2.0.dylib in Frameworks */ = {isa = PBXBuildFile; fileRef = C189D9831743F5D900EA6AF3 /* libopencv_video.2.2.0.dylib */; };
		C189D9A81743F5D900EA6AF3 /* libopencv_video.2.2.dylib in Frameworks */ = {isa = PBXBuildFile; fileRef = C189D9841743F5D900EA6AF3 /* libopencv_video.2.2.dylib */; };
		C189D9A91743F5D900EA6AF3 /* libopencv_video.dylib in Frameworks */ = {isa = PBXBuildFile; fileRef = C189D9851743F5D900EA6AF3 /* libopencv_video.dylib */; };
		C1D16FE516A5E19E00D2DD6B /* main.cpp in Sources */ = {isa = PBXBuildFile; fileRef = C1D16FE416A5E19E00D2DD6B /* main.cpp */; };
		C1D1701016A5E74100D2DD6B /* edge_detection .cpp in Sources */ = {isa = PBXBuildFile; fileRef = C1D1700E16A5E74100D2DD6B /* edge_detection .cpp */; };
		C1E21A0916B707DF002C17ED /* Jlinkage.cpp in Sources */ = {isa = PBXBuildFile; fileRef = C1E21A0716B707DF002C17ED /* Jlinkage.cpp */; };
		C1F2C16016D9A61F0055E10C /* VP_nonlinear.c in Sources */ = {isa = PBXBuildFile; fileRef = C1F2C15E16D9A61F0055E10C /* VP_nonlinear.c */; };
		C1F4C69417543023006F914C /* qsort.c in Sources */ = {isa = PBXBuildFile; fileRef = C1F4C69317543023006F914C /* qsort.c */; };
		C1F9002B16ADC24E00E4FFCA /* fit.cpp in Sources */ = {isa = PBXBuildFile; fileRef = C1F9002A16ADC24E00E4FFCA /* fit.cpp */; };
		C1F9003516ADC9C800E4FFCA /* Accelerate.framework in Frameworks */ = {isa = PBXBuildFile; fileRef = C1F9003416ADC9C700E4FFCA /* Accelerate.framework */; };
		C1F9003816ADD1F800E4FFCA /* matrix_OP.c in Sources */ = {isa = PBXBuildFile; fileRef = C1F9003616ADD1F700E4FFCA /* matrix_OP.c */; };
		C1F90C7416D8694A004D81F2 /* VP_linear.cpp in Sources */ = {isa = PBXBuildFile; fileRef = C1F90C7216D8694A004D81F2 /* VP_linear.cpp */; };
		C1FD3F3E17440A9F003F9A46 /* libminpack.a in Frameworks */ = {isa = PBXBuildFile; fileRef = C1FD3F3D17440A9F003F9A46 /* libminpack.a */; };
/* End PBXBuildFile section */

/* Begin PBXCopyFilesBuildPhase section */
		C1D16FDE16A5E19E00D2DD6B /* CopyFiles */ = {
			isa = PBXCopyFilesBuildPhase;
			buildActionMask = 2147483647;
			dstPath = /usr/share/man/man1/;
			dstSubfolderSpec = 0;
			files = (
			);
			runOnlyForDeploymentPostprocessing = 1;
		};
/* End PBXCopyFilesBuildPhase section */

/* Begin PBXFileReference section */
		C189D9621743F5D900EA6AF3 /* libopencv_calib3d.2.2.0.dylib */ = {isa = PBXFileReference; lastKnownFileType = "compiled.mach-o.dylib"; name = libopencv_calib3d.2.2.0.dylib; path = usr/local/lib/libopencv_calib3d.2.2.0.dylib; sourceTree = SDKROOT; };
		C189D9631743F5D900EA6AF3 /* libopencv_calib3d.2.2.dylib */ = {isa = PBXFileReference; lastKnownFileType = "compiled.mach-o.dylib"; name = libopencv_calib3d.2.2.dylib; path = usr/local/lib/libopencv_calib3d.2.2.dylib; sourceTree = SDKROOT; };
		C189D9641743F5D900EA6AF3 /* libopencv_calib3d.dylib */ = {isa = PBXFileReference; lastKnownFileType = "compiled.mach-o.dylib"; name = libopencv_calib3d.dylib; path = usr/local/lib/libopencv_calib3d.dylib; sourceTree = SDKROOT; };
		C189D9651743F5D900EA6AF3 /* libopencv_contrib.2.2.0.dylib */ = {isa = PBXFileReference; lastKnownFileType = "compiled.mach-o.dylib"; name = libopencv_contrib.2.2.0.dylib; path = usr/local/lib/libopencv_contrib.2.2.0.dylib; sourceTree = SDKROOT; };
		C189D9661743F5D900EA6AF3 /* libopencv_contrib.2.2.dylib */ = {isa = PBXFileReference; lastKnownFileType = "compiled.mach-o.dylib"; name = libopencv_contrib.2.2.dylib; path = usr/local/lib/libopencv_contrib.2.2.dylib; sourceTree = SDKROOT; };
		C189D9671743F5D900EA6AF3 /* libopencv_contrib.dylib */ = {isa = PBXFileReference; lastKnownFileType = "compiled.mach-o.dylib"; name = libopencv_contrib.dylib; path = usr/local/lib/libopencv_contrib.dylib; sourceTree = SDKROOT; };
		C189D9681743F5D900EA6AF3 /* libopencv_core.2.2.0.dylib */ = {isa = PBXFileReference; lastKnownFileType = "compiled.mach-o.dylib"; name = libopencv_core.2.2.0.dylib; path = usr/local/lib/libopencv_core.2.2.0.dylib; sourceTree = SDKROOT; };
		C189D9691743F5D900EA6AF3 /* libopencv_core.2.2.dylib */ = {isa = PBXFileReference; lastKnownFileType = "compiled.mach-o.dylib"; name = libopencv_core.2.2.dylib; path = usr/local/lib/libopencv_core.2.2.dylib; sourceTree = SDKROOT; };
		C189D96A1743F5D900EA6AF3 /* libopencv_core.dylib */ = {isa = PBXFileReference; lastKnownFileType = "compiled.mach-o.dylib"; name = libopencv_core.dylib; path = usr/local/lib/libopencv_core.dylib; sourceTree = SDKROOT; };
		C189D96B1743F5D900EA6AF3 /* libopencv_features2d.2.2.0.dylib */ = {isa = PBXFileReference; lastKnownFileType = "compiled.mach-o.dylib"; name = libopencv_features2d.2.2.0.dylib; path = usr/local/lib/libopencv_features2d.2.2.0.dylib; sourceTree = SDKROOT; };
		C189D96C1743F5D900EA6AF3 /* libopencv_features2d.2.2.dylib */ = {isa = PBXFileReference; lastKnownFileType = "compiled.mach-o.dylib"; name = libopencv_features2d.2.2.dylib; path = usr/local/lib/libopencv_features2d.2.2.dylib; sourceTree = SDKROOT; };
		C189D96D1743F5D900EA6AF3 /* libopencv_features2d.dylib */ = {isa = PBXFileReference; lastKnownFileType = "compiled.mach-o.dylib"; name = libopencv_features2d.dylib; path = usr/local/lib/libopencv_features2d.dylib; sourceTree = SDKROOT; };
		C189D96E1743F5D900EA6AF3 /* libopencv_flann.2.2.0.dylib */ = {isa = PBXFileReference; lastKnownFileType = "compiled.mach-o.dylib"; name = libopencv_flann.2.2.0.dylib; path = usr/local/lib/libopencv_flann.2.2.0.dylib; sourceTree = SDKROOT; };
		C189D96F1743F5D900EA6AF3 /* libopencv_flann.2.2.dylib */ = {isa = PBXFileReference; lastKnownFileType = "compiled.mach-o.dylib"; name = libopencv_flann.2.2.dylib; path = usr/local/lib/libopencv_flann.2.2.dylib; sourceTree = SDKROOT; };
		C189D9701743F5D900EA6AF3 /* libopencv_flann.dylib */ = {isa = PBXFileReference; lastKnownFileType = "compiled.mach-o.dylib"; name = libopencv_flann.dylib; path = usr/local/lib/libopencv_flann.dylib; sourceTree = SDKROOT; };
		C189D9711743F5D900EA6AF3 /* libopencv_gpu.2.2.0.dylib */ = {isa = PBXFileReference; lastKnownFileType = "compiled.mach-o.dylib"; name = libopencv_gpu.2.2.0.dylib; path = usr/local/lib/libopencv_gpu.2.2.0.dylib; sourceTree = SDKROOT; };
		C189D9721743F5D900EA6AF3 /* libopencv_gpu.2.2.dylib */ = {isa = PBXFileReference; lastKnownFileType = "compiled.mach-o.dylib"; name = libopencv_gpu.2.2.dylib; path = usr/local/lib/libopencv_gpu.2.2.dylib; sourceTree = SDKROOT; };
		C189D9731743F5D900EA6AF3 /* libopencv_gpu.dylib */ = {isa = PBXFileReference; lastKnownFileType = "compiled.mach-o.dylib"; name = libopencv_gpu.dylib; path = usr/local/lib/libopencv_gpu.dylib; sourceTree = SDKROOT; };
		C189D9741743F5D900EA6AF3 /* libopencv_highgui.2.2.0.dylib */ = {isa = PBXFileReference; lastKnownFileType = "compiled.mach-o.dylib"; name = libopencv_highgui.2.2.0.dylib; path = usr/local/lib/libopencv_highgui.2.2.0.dylib; sourceTree = SDKROOT; };
		C189D9751743F5D900EA6AF3 /* libopencv_highgui.2.2.dylib */ = {isa = PBXFileReference; lastKnownFileType = "compiled.mach-o.dylib"; name = libopencv_highgui.2.2.dylib; path = usr/local/lib/libopencv_highgui.2.2.dylib; sourceTree = SDKROOT; };
		C189D9761743F5D900EA6AF3 /* libopencv_highgui.dylib */ = {isa = PBXFileReference; lastKnownFileType = "compiled.mach-o.dylib"; name = libopencv_highgui.dylib; path = usr/local/lib/libopencv_highgui.dylib; sourceTree = SDKROOT; };
		C189D9771743F5D900EA6AF3 /* libopencv_imgproc.2.2.0.dylib */ = {isa = PBXFileReference; lastKnownFileType = "compiled.mach-o.dylib"; name = libopencv_imgproc.2.2.0.dylib; path = usr/local/lib/libopencv_imgproc.2.2.0.dylib; sourceTree = SDKROOT; };
		C189D9781743F5D900EA6AF3 /* libopencv_imgproc.2.2.dylib */ = {isa = PBXFileReference; lastKnownFileType = "compiled.mach-o.dylib"; name = libopencv_imgproc.2.2.dylib; path = usr/local/lib/libopencv_imgproc.2.2.dylib; sourceTree = SDKROOT; };
		C189D9791743F5D900EA6AF3 /* libopencv_imgproc.dylib */ = {isa = PBXFileReference; lastKnownFileType = "compiled.mach-o.dylib"; name = libopencv_imgproc.dylib; path = usr/local/lib/libopencv_imgproc.dylib; sourceTree = SDKROOT; };
		C189D97A1743F5D900EA6AF3 /* libopencv_legacy.2.2.0.dylib */ = {isa = PBXFileReference; lastKnownFileType = "compiled.mach-o.dylib"; name = libopencv_legacy.2.2.0.dylib; path = usr/local/lib/libopencv_legacy.2.2.0.dylib; sourceTree = SDKROOT; };
		C189D97B1743F5D900EA6AF3 /* libopencv_legacy.2.2.dylib */ = {isa = PBXFileReference; lastKnownFileType = "compiled.mach-o.dylib"; name = libopencv_legacy.2.2.dylib; path = usr/local/lib/libopencv_legacy.2.2.dylib; sourceTree = SDKROOT; };
		C189D97C1743F5D900EA6AF3 /* libopencv_legacy.dylib */ = {isa = PBXFileReference; lastKnownFileType = "compiled.mach-o.dylib"; name = libopencv_legacy.dylib; path = usr/local/lib/libopencv_legacy.dylib; sourceTree = SDKROOT; };
		C189D97D1743F5D900EA6AF3 /* libopencv_ml.2.2.0.dylib */ = {isa = PBXFileReference; lastKnownFileType = "compiled.mach-o.dylib"; name = libopencv_ml.2.2.0.dylib; path = usr/local/lib/libopencv_ml.2.2.0.dylib; sourceTree = SDKROOT; };
		C189D97E1743F5D900EA6AF3 /* libopencv_ml.2.2.dylib */ = {isa = PBXFileReference; lastKnownFileType = "compiled.mach-o.dylib"; name = libopencv_ml.2.2.dylib; path = usr/local/lib/libopencv_ml.2.2.dylib; sourceTree = SDKROOT; };
		C189D97F1743F5D900EA6AF3 /* libopencv_ml.dylib */ = {isa = PBXFileReference; lastKnownFileType = "compiled.mach-o.dylib"; name = libopencv_ml.dylib; path = usr/local/lib/libopencv_ml.dylib; sourceTree = SDKROOT; };
		C189D9801743F5D900EA6AF3 /* libopencv_objdetect.2.2.0.dylib */ = {isa = PBXFileReference; lastKnownFileType = "compiled.mach-o.dylib"; name = libopencv_objdetect.2.2.0.dylib; path = usr/local/lib/libopencv_objdetect.2.2.0.dylib; sourceTree = SDKROOT; };
		C189D9811743F5D900EA6AF3 /* libopencv_objdetect.2.2.dylib */ = {isa = PBXFileReference; lastKnownFileType = "compiled.mach-o.dylib"; name = libopencv_objdetect.2.2.dylib; path = usr/local/lib/libopencv_objdetect.2.2.dylib; sourceTree = SDKROOT; };
		C189D9821743F5D900EA6AF3 /* libopencv_objdetect.dylib */ = {isa = PBXFileReference; lastKnownFileType = "compiled.mach-o.dylib"; name = libopencv_objdetect.dylib; path = usr/local/lib/libopencv_objdetect.dylib; sourceTree = SDKROOT; };
		C189D9831743F5D900EA6AF3 /* libopencv_video.2.2.0.dylib */ = {isa = PBXFileReference; lastKnownFileType = "compiled.mach-o.dylib"; name = libopencv_video.2.2.0.dylib; path = usr/local/lib/libopencv_video.2.2.0.dylib; sourceTree = SDKROOT; };
		C189D9841743F5D900EA6AF3 /* libopencv_video.2.2.dylib */ = {isa = PBXFileReference; lastKnownFileType = "compiled.mach-o.dylib"; name = libopencv_video.2.2.dylib; path = usr/local/lib/libopencv_video.2.2.dylib; sourceTree = SDKROOT; };
		C189D9851743F5D900EA6AF3 /* libopencv_video.dylib */ = {isa = PBXFileReference; lastKnownFileType = "compiled.mach-o.dylib"; name = libopencv_video.dylib; path = usr/local/lib/libopencv_video.dylib; sourceTree = SDKROOT; };
		C1D16FE016A5E19E00D2DD6B /* VP detection */ = {isa = PBXFileReference; explicitFileType = "compiled.mach-o.executable"; includeInIndex = 0; path = "VP detection"; sourceTree = BUILT_PRODUCTS_DIR; };
		C1D16FE416A5E19E00D2DD6B /* main.cpp */ = {isa = PBXFileReference; lastKnownFileType = sourcecode.cpp.cpp; path = main.cpp; sourceTree = "<group>"; };
		C1D1700E16A5E74100D2DD6B /* edge_detection .cpp */ = {isa = PBXFileReference; fileEncoding = 4; lastKnownFileType = sourcecode.cpp.cpp; path = "edge_detection .cpp"; sourceTree = "<group>"; };
		C1D1700F16A5E74100D2DD6B /* edge_detection .h */ = {isa = PBXFileReference; fileEncoding = 4; lastKnownFileType = sourcecode.c.h; path = "edge_detection .h"; sourceTree = "<group>"; };
		C1D705B316DD3E3200FD87C7 /* DType .h */ = {isa = PBXFileReference; fileEncoding = 4; lastKnownFileType = sourcecode.c.h; path = "DType .h"; sourceTree = "<group>"; };
		C1E21A0716B707DF002C17ED /* Jlinkage.cpp */ = {isa = PBXFileReference; fileEncoding = 4; lastKnownFileType = sourcecode.cpp.cpp; path = Jlinkage.cpp; sourceTree = "<group>"; };
		C1E21A0816B707DF002C17ED /* Jlinkage.h */ = {isa = PBXFileReference; fileEncoding = 4; lastKnownFileType = sourcecode.c.h; path = Jlinkage.h; sourceTree = "<group>"; };
		C1F2C15E16D9A61F0055E10C /* VP_nonlinear.c */ = {isa = PBXFileReference; fileEncoding = 4; lastKnownFileType = sourcecode.c.c; path = VP_nonlinear.c; sourceTree = "<group>"; };
		C1F2C15F16D9A61F0055E10C /* VP_nonlinear.h */ = {isa = PBXFileReference; fileEncoding = 4; lastKnownFileType = sourcecode.c.h; path = VP_nonlinear.h; sourceTree = "<group>"; };
		C1F4C69217543023006F914C /* qsort.h */ = {isa = PBXFileReference; fileEncoding = 4; lastKnownFileType = sourcecode.c.h; path = qsort.h; sourceTree = "<group>"; };
		C1F4C69317543023006F914C /* qsort.c */ = {isa = PBXFileReference; fileEncoding = 4; lastKnownFileType = sourcecode.c.c; path = qsort.c; sourceTree = "<group>"; };
		C1F9002916ADC21200E4FFCA /* fit.h */ = {isa = PBXFileReference; fileEncoding = 4; lastKnownFileType = sourcecode.c.h; path = fit.h; sourceTree = "<group>"; };
		C1F9002A16ADC24E00E4FFCA /* fit.cpp */ = {isa = PBXFileReference; fileEncoding = 4; lastKnownFileType = sourcecode.cpp.cpp; path = fit.cpp; sourceTree = "<group>"; };
		C1F9003416ADC9C700E4FFCA /* Accelerate.framework */ = {isa = PBXFileReference; lastKnownFileType = wrapper.framework; name = Accelerate.framework; path = System/Library/Frameworks/Accelerate.framework; sourceTree = SDKROOT; };
		C1F9003616ADD1F700E4FFCA /* matrix_OP.c */ = {isa = PBXFileReference; fileEncoding = 4; lastKnownFileType = sourcecode.c.c; path = matrix_OP.c; sourceTree = "<group>"; };
		C1F9003716ADD1F800E4FFCA /* matrix_OP.h */ = {isa = PBXFileReference; fileEncoding = 4; lastKnownFileType = sourcecode.c.h; path = matrix_OP.h; sourceTree = "<group>"; };
		C1F90C7216D8694A004D81F2 /* VP_linear.cpp */ = {isa = PBXFileReference; fileEncoding = 4; lastKnownFileType = sourcecode.cpp.cpp; path = VP_linear.cpp; sourceTree = "<group>"; };
		C1F90C7316D8694A004D81F2 /* VP_linear.h */ = {isa = PBXFileReference; fileEncoding = 4; lastKnownFileType = sourcecode.c.h; path = VP_linear.h; sourceTree = "<group>"; };
		C1FD3F3D17440A9F003F9A46 /* libminpack.a */ = {isa = PBXFileReference; lastKnownFileType = archive.ar; name = libminpack.a; path = ../../../../opt/local/lib/libminpack.a; sourceTree = "<group>"; };
/* End PBXFileReference section */

/* Begin PBXFrameworksBuildPhase section */
		C1D16FDD16A5E19E00D2DD6B /* Frameworks */ = {
			isa = PBXFrameworksBuildPhase;
			buildActionMask = 2147483647;
			files = (
				C189D9861743F5D900EA6AF3 /* libopencv_calib3d.2.2.0.dylib in Frameworks */,
				C189D9871743F5D900EA6AF3 /* libopencv_calib3d.2.2.dylib in Frameworks */,
				C189D9881743F5D900EA6AF3 /* libopencv_calib3d.dylib in Frameworks */,
				C189D9891743F5D900EA6AF3 /* libopencv_contrib.2.2.0.dylib in Frameworks */,
				C189D98A1743F5D900EA6AF3 /* libopencv_contrib.2.2.dylib in Frameworks */,
				C189D98B1743F5D900EA6AF3 /* libopencv_contrib.dylib in Frameworks */,
				C189D98C1743F5D900EA6AF3 /* libopencv_core.2.2.0.dylib in Frameworks */,
				C189D98D1743F5D900EA6AF3 /* libopencv_core.2.2.dylib in Frameworks */,
				C189D98E1743F5D900EA6AF3 /* libopencv_core.dylib in Frameworks */,
				C189D98F1743F5D900EA6AF3 /* libopencv_features2d.2.2.0.dylib in Frameworks */,
				C189D9901743F5D900EA6AF3 /* libopencv_features2d.2.2.dylib in Frameworks */,
				C189D9911743F5D900EA6AF3 /* libopencv_features2d.dylib in Frameworks */,
				C189D9921743F5D900EA6AF3 /* libopencv_flann.2.2.0.dylib in Frameworks */,
				C189D9931743F5D900EA6AF3 /* libopencv_flann.2.2.dylib in Frameworks */,
				C189D9941743F5D900EA6AF3 /* libopencv_flann.dylib in Frameworks */,
				C189D9951743F5D900EA6AF3 /* libopencv_gpu.2.2.0.dylib in Frameworks */,
				C189D9961743F5D900EA6AF3 /* libopencv_gpu.2.2.dylib in Frameworks */,
				C189D9971743F5D900EA6AF3 /* libopencv_gpu.dylib in Frameworks */,
				C189D9981743F5D900EA6AF3 /* libopencv_highgui.2.2.0.dylib in Frameworks */,
				C189D9991743F5D900EA6AF3 /* libopencv_highgui.2.2.dylib in Frameworks */,
				C189D99A1743F5D900EA6AF3 /* libopencv_highgui.dylib in Frameworks */,
				C189D99B1743F5D900EA6AF3 /* libopencv_imgproc.2.2.0.dylib in Frameworks */,
				C189D99C1743F5D900EA6AF3 /* libopencv_imgproc.2.2.dylib in Frameworks */,
				C189D99D1743F5D900EA6AF3 /* libopencv_imgproc.dylib in Frameworks */,
				C189D99E1743F5D900EA6AF3 /* libopencv_legacy.2.2.0.dylib in Frameworks */,
				C189D99F1743F5D900EA6AF3 /* libopencv_legacy.2.2.dylib in Frameworks */,
				C189D9A01743F5D900EA6AF3 /* libopencv_legacy.dylib in Frameworks */,
				C189D9A11743F5D900EA6AF3 /* libopencv_ml.2.2.0.dylib in Frameworks */,
				C189D9A21743F5D900EA6AF3 /* libopencv_ml.2.2.dylib in Frameworks */,
				C189D9A31743F5D900EA6AF3 /* libopencv_ml.dylib in Frameworks */,
				C189D9A41743F5D900EA6AF3 /* libopencv_objdetect.2.2.0.dylib in Frameworks */,
				C189D9A51743F5D900EA6AF3 /* libopencv_objdetect.2.2.dylib in Frameworks */,
				C189D9A61743F5D900EA6AF3 /* libopencv_objdetect.dylib in Frameworks */,
				C189D9A71743F5D900EA6AF3 /* libopencv_video.2.2.0.dylib in Frameworks */,
				C189D9A81743F5D900EA6AF3 /* libopencv_video.2.2.dylib in Frameworks */,
				C189D9A91743F5D900EA6AF3 /* libopencv_video.dylib in Frameworks */,
				C1F9003516ADC9C800E4FFCA /* Accelerate.framework in Frameworks */,
				C1FD3F3E17440A9F003F9A46 /* libminpack.a in Frameworks */,
			);
			runOnlyForDeploymentPostprocessing = 0;
		};
/* End PBXFrameworksBuildPhase section */

/* Begin PBXGroup section */
		C1D16FD516A5E19E00D2DD6B = {
			isa = PBXGroup;
			children = (
				C189D9621743F5D900EA6AF3 /* libopencv_calib3d.2.2.0.dylib */,
				C1FD3F3D17440A9F003F9A46 /* libminpack.a */,
				C189D9631743F5D900EA6AF3 /* libopencv_calib3d.2.2.dylib */,
				C189D9641743F5D900EA6AF3 /* libopencv_calib3d.dylib */,
				C189D9651743F5D900EA6AF3 /* libopencv_contrib.2.2.0.dylib */,
				C189D9661743F5D900EA6AF3 /* libopencv_contrib.2.2.dylib */,
				C189D9671743F5D900EA6AF3 /* libopencv_contrib.dylib */,
				C189D9681743F5D900EA6AF3 /* libopencv_core.2.2.0.dylib */,
				C189D9691743F5D900EA6AF3 /* libopencv_core.2.2.dylib */,
				C189D96A1743F5D900EA6AF3 /* libopencv_core.dylib */,
				C189D96B1743F5D900EA6AF3 /* libopencv_features2d.2.2.0.dylib */,
				C189D96C1743F5D900EA6AF3 /* libopencv_features2d.2.2.dylib */,
				C189D96D1743F5D900EA6AF3 /* libopencv_features2d.dylib */,
				C189D96E1743F5D900EA6AF3 /* libopencv_flann.2.2.0.dylib */,
				C189D96F1743F5D900EA6AF3 /* libopencv_flann.2.2.dylib */,
				C189D9701743F5D900EA6AF3 /* libopencv_flann.dylib */,
				C189D9711743F5D900EA6AF3 /* libopencv_gpu.2.2.0.dylib */,
				C189D9721743F5D900EA6AF3 /* libopencv_gpu.2.2.dylib */,
				C189D9731743F5D900EA6AF3 /* libopencv_gpu.dylib */,
				C189D9741743F5D900EA6AF3 /* libopencv_highgui.2.2.0.dylib */,
				C189D9751743F5D900EA6AF3 /* libopencv_highgui.2.2.dylib */,
				C189D9761743F5D900EA6AF3 /* libopencv_highgui.dylib */,
				C189D9771743F5D900EA6AF3 /* libopencv_imgproc.2.2.0.dylib */,
				C189D9781743F5D900EA6AF3 /* libopencv_imgproc.2.2.dylib */,
				C189D9791743F5D900EA6AF3 /* libopencv_imgproc.dylib */,
				C189D97A1743F5D900EA6AF3 /* libopencv_legacy.2.2.0.dylib */,
				C189D97B1743F5D900EA6AF3 /* libopencv_legacy.2.2.dylib */,
				C189D97C1743F5D900EA6AF3 /* libopencv_legacy.dylib */,
				C189D97D1743F5D900EA6AF3 /* libopencv_ml.2.2.0.dylib */,
				C189D97E1743F5D900EA6AF3 /* libopencv_ml.2.2.dylib */,
				C189D97F1743F5D900EA6AF3 /* libopencv_ml.dylib */,
				C189D9801743F5D900EA6AF3 /* libopencv_objdetect.2.2.0.dylib */,
				C189D9811743F5D900EA6AF3 /* libopencv_objdetect.2.2.dylib */,
				C189D9821743F5D900EA6AF3 /* libopencv_objdetect.dylib */,
				C189D9831743F5D900EA6AF3 /* libopencv_video.2.2.0.dylib */,
				C189D9841743F5D900EA6AF3 /* libopencv_video.2.2.dylib */,
				C189D9851743F5D900EA6AF3 /* libopencv_video.dylib */,
				C1F9003416ADC9C700E4FFCA /* Accelerate.framework */,
				C1D16FE316A5E19E00D2DD6B /* VP detection */,
				C1D16FE116A5E19E00D2DD6B /* Products */,
			);
			sourceTree = "<group>";
		};
		C1D16FE116A5E19E00D2DD6B /* Products */ = {
			isa = PBXGroup;
			children = (
				C1D16FE016A5E19E00D2DD6B /* VP detection */,
			);
			name = Products;
			sourceTree = "<group>";
		};
		C1D16FE316A5E19E00D2DD6B /* VP detection */ = {
			isa = PBXGroup;
			children = (
				C1F4C69217543023006F914C /* qsort.h */,
				C1F4C69317543023006F914C /* qsort.c */,
				C1D16FE416A5E19E00D2DD6B /* main.cpp */,
				C1D1700E16A5E74100D2DD6B /* edge_detection .cpp */,
				C1D1700F16A5E74100D2DD6B /* edge_detection .h */,
				C1F9002916ADC21200E4FFCA /* fit.h */,
				C1E21A0716B707DF002C17ED /* Jlinkage.cpp */,
				C1E21A0816B707DF002C17ED /* Jlinkage.h */,
				C1F9002A16ADC24E00E4FFCA /* fit.cpp */,
				C1F9003616ADD1F700E4FFCA /* matrix_OP.c */,
				C1F9003716ADD1F800E4FFCA /* matrix_OP.h */,
				C1F90C7216D8694A004D81F2 /* VP_linear.cpp */,
				C1F90C7316D8694A004D81F2 /* VP_linear.h */,
				C1F2C15E16D9A61F0055E10C /* VP_nonlinear.c */,
				C1F2C15F16D9A61F0055E10C /* VP_nonlinear.h */,
				C1D705B316DD3E3200FD87C7 /* DType .h */,
			);
			path = "VP detection";
			sourceTree = "<group>";
		};
/* End PBXGroup section */

/* Begin PBXNativeTarget section */
		C1D16FDF16A5E19E00D2DD6B /* VP detection */ = {
			isa = PBXNativeTarget;
			buildConfigurationList = C1D16FE916A5E19E00D2DD6B /* Build configuration list for PBXNativeTarget "VP detection" */;
			buildPhases = (
				C1D16FDC16A5E19E00D2DD6B /* Sources */,
				C1D16FDD16A5E19E00D2DD6B /* Frameworks */,
				C1D16FDE16A5E19E00D2DD6B /* CopyFiles */,
			);
			buildRules = (
			);
			dependencies = (
			);
			name = "VP detection";
			productName = "VP detection";
			productReference = C1D16FE016A5E19E00D2DD6B /* VP detection */;
			productType = "com.apple.product-type.tool";
		};
/* End PBXNativeTarget section */

/* Begin PBXProject section */
		C1D16FD716A5E19E00D2DD6B /* Project object */ = {
			isa = PBXProject;
			buildConfigurationList = C1D16FDA16A5E19E00D2DD6B /* Build configuration list for PBXProject "VP detection" */;
			compatibilityVersion = "Xcode 3.2";
			developmentRegion = English;
			hasScannedForEncodings = 0;
			knownRegions = (
				en,
			);
			mainGroup = C1D16FD516A5E19E00D2DD6B;
			productRefGroup = C1D16FE116A5E19E00D2DD6B /* Products */;
			projectDirPath = "";
			projectRoot = "";
			targets = (
				C1D16FDF16A5E19E00D2DD6B /* VP detection */,
			);
		};
/* End PBXProject section */

/* Begin PBXSourcesBuildPhase section */
		C1D16FDC16A5E19E00D2DD6B /* Sources */ = {
			isa = PBXSourcesBuildPhase;
			buildActionMask = 2147483647;
			files = (
				C1D16FE516A5E19E00D2DD6B /* main.cpp in Sources */,
				C1D1701016A5E74100D2DD6B /* edge_detection .cpp in Sources */,
				C1F9002B16ADC24E00E4FFCA /* fit.cpp in Sources */,
				C1F9003816ADD1F800E4FFCA /* matrix_OP.c in Sources */,
				C1E21A0916B707DF002C17ED /* Jlinkage.cpp in Sources */,
				C1F90C7416D8694A004D81F2 /* VP_linear.cpp in Sources */,
				C1F2C16016D9A61F0055E10C /* VP_nonlinear.c in Sources */,
				C1F4C69417543023006F914C /* qsort.c in Sources */,
			);
			runOnlyForDeploymentPostprocessing = 0;
		};
/* End PBXSourcesBuildPhase section */

/* Begin XCBuildConfiguration section */
		C1D16FE716A5E19E00D2DD6B /* Debug */ = {
			isa = XCBuildConfiguration;
			buildSettings = {
				ALWAYS_SEARCH_USER_PATHS = NO;
				ARCHS = "$(ARCHS_STANDARD_32_64_BIT)";
				ENABLE_OPENMP_SUPPORT = YES;
				GCC_C_LANGUAGE_STANDARD = gnu99;
				GCC_OPTIMIZATION_LEVEL = 0;
				GCC_PREPROCESSOR_DEFINITIONS = DEBUG;
				GCC_SYMBOLS_PRIVATE_EXTERN = NO;
				GCC_VERSION = "";
				GCC_WARN_64_TO_32_BIT_CONVERSION = YES;
				GCC_WARN_ABOUT_RETURN_TYPE = YES;
				GCC_WARN_UNUSED_VARIABLE = YES;
				HEADER_SEARCH_PATHS = (
					/opt/local/include,
					/opt/local/include/opencv,
				);
				MACOSX_DEPLOYMENT_TARGET = 10.6;
				ONLY_ACTIVE_ARCH = YES;
				SDKROOT = macosx;
			};
			name = Debug;
		};
		C1D16FE816A5E19E00D2DD6B /* Release */ = {
			isa = XCBuildConfiguration;
			buildSettings = {
				ALWAYS_SEARCH_USER_PATHS = NO;
				ARCHS = "$(ARCHS_STANDARD_32_64_BIT)";
				ENABLE_OPENMP_SUPPORT = YES;
				GCC_C_LANGUAGE_STANDARD = gnu99;
				GCC_VERSION = "";
				GCC_WARN_64_TO_32_BIT_CONVERSION = YES;
				GCC_WARN_ABOUT_RETURN_TYPE = YES;
				GCC_WARN_UNUSED_VARIABLE = YES;
				HEADER_SEARCH_PATHS = (
					/opt/local/include,
					/opt/local/include/opencv,
				);
				"HEADER_SEARCH_PATHS[arch=*]" = "";
				MACOSX_DEPLOYMENT_TARGET = 10.6;
				SDKROOT = macosx;
			};
			name = Release;
		};
		C1D16FEA16A5E19E00D2DD6B /* Debug */ = {
			isa = XCBuildConfiguration;
			buildSettings = {
				ALWAYS_SEARCH_USER_PATHS = NO;
				COPY_PHASE_STRIP = NO;
				GCC_DYNAMIC_NO_PIC = NO;
				GCC_ENABLE_OBJC_EXCEPTIONS = YES;
				HEADER_SEARCH_PATHS = (
					"/opt/local/include/**",
					"/opt/local/lib/**",
				);
				"HEADER_SEARCH_PATHS[arch=*]" = (
					"/opt/local/include/**",
					"/opt/local/lib/**",
					"/Users/chih-hsiangchang/Documents/VP/**",
					"detection/**",
				);
				LIBRARY_SEARCH_PATHS = (
					"$(inherited)",
					/opt/local/lib,
				);
				PRODUCT_NAME = "$(TARGET_NAME)";
			};
			name = Debug;
		};
		C1D16FEB16A5E19E00D2DD6B /* Release */ = {
			isa = XCBuildConfiguration;
			buildSettings = {
				ALWAYS_SEARCH_USER_PATHS = NO;
				COPY_PHASE_STRIP = YES;
				DEBUG_INFORMATION_FORMAT = "dwarf-with-dsym";
				GCC_ENABLE_OBJC_EXCEPTIONS = YES;
				HEADER_SEARCH_PATHS = "";
				LIBRARY_SEARCH_PATHS = (
					"$(inherited)",
					/opt/local/lib,
				);
				PRODUCT_NAME = "$(TARGET_NAME)";
			};
			name = Release;
		};
/* End XCBuildConfiguration section */

/* Begin XCConfigurationList section */
		C1D16FDA16A5E19E00D2DD6B /* Build configuration list for PBXProject "VP detection" */ = {
			isa = XCConfigurationList;
			buildConfigurations = (
				C1D16FE716A5E19E00D2DD6B /* Debug */,
				C1D16FE816A5E19E00D2DD6B /* Release */,
			);
			defaultConfigurationIsVisible = 0;
			defaultConfigurationName = Release;
		};
		C1D16FE916A5E19E00D2DD6B /* Build configuration list for PBXNativeTarget "VP detection" */ = {
			isa = XCConfigurationList;
			buildConfigurations = (
				C1D16FEA16A5E19E00D2DD6B /* Debug */,
				C1D16FEB16A5E19E00D2DD6B /* Release */,
			);
			defaultConfigurationIsVisible = 0;
			defaultConfigurationName = Release;
		};
/* End XCConfigurationList section */
	};
	rootObject = C1D16FD716A5E19E00D2DD6B /* Project object */;
}
